
Microsoft Visual Studio Solution File, Format Version 12.00
# Visual Studio Version 16
VisualStudioVersion = 16.0.30413.136
MinimumVisualStudioVersion = 10.0.40219.1
Project("{FAE04EC0-301F-11D3-BF4B-00C04F79EFBC}") = "Pr01", "Pr01\Pr01.csproj", "{D09E0FAB-D800-4C8B-88E4-E7F62BBFC158}"
EndProject
Project("{FAE04EC0-301F-11D3-BF4B-00C04F79EFBC}") = "Pr02", "Pr02\Pr02.csproj", "{B89ABF6C-C784-45C4-8E69-58BD4D0FA168}"
EndProject
Project("{FAE04EC0-301F-11D3-BF4B-00C04F79EFBC}") = "Pr03", "Pr03\Pr03.csproj", "{7A4649C7-2A2B-4239-93DC-2B0C0CBB2DDE}"
EndProject
Project("{FAE04EC0-301F-11D3-BF4B-00C04F79EFBC}") = "Pr04", "Pr04\Pr04.csproj", "{9E0F3FFF-E5CE-4C4D-BFA8-8E32F5E9CBC1}"
EndProject
Global
	GlobalSection(SolutionConfigurationPlatforms) = preSolution
		Debug|Any CPU = Debug|Any CPU
		Release|Any CPU = Release|Any CPU
	EndGlobalSection
	GlobalSection(ProjectConfigurationPlatforms) = postSolution
		{D09E0FAB-D800-4C8B-88E4-E7F62BBFC158}.Debug|Any CPU.ActiveCfg = Debug|Any CPU
		{D09E0FAB-D800-4C8B-88E4-E7F62BBFC158}.Debug|Any CPU.Build.0 = Debug|Any CPU
		{D09E0FAB-D800-4C8B-88E4-E7F62BBFC158}.Release|Any CPU.ActiveCfg = Release|Any CPU
		{D09E0FAB-D800-4C8B-88E4-E7F62BBFC158}.Release|Any CPU.Build.0 = Release|Any CPU
		{B89ABF6C-C784-45C4-8E69-58BD4D0FA168}.Debug|Any CPU.ActiveCfg = Debug|Any CPU
		{B89ABF6C-C784-45C4-8E69-58BD4D0FA168}.Debug|Any CPU.Build.0 = Debug|Any CPU
		{B89ABF6C-C784-45C4-8E69-58BD4D0FA168}.Release|Any CPU.ActiveCfg = Release|Any CPU
		{B89ABF6C-C784-45C4-8E69-58BD4D0FA168}.Release|Any CPU.Build.0 = Release|Any CPU
		{7A4649C7-2A2B-4239-93DC-2B0C0CBB2DDE}.Debug|Any CPU.ActiveCfg = Debug|Any CPU
		{7A4649C7-2A2B-4239-93DC-2B0C0CBB2DDE}.Debug|Any CPU.Build.0 = Debug|Any CPU
		{7A4649C7-2A2B-4239-93DC-2B0C0CBB2DDE}.Release|Any CPU.ActiveCfg = Release|Any CPU
		{7A4649C7-2A2B-4239-93DC-2B0C0CBB2DDE}.Release|Any CPU.Build.0 = Release|Any CPU
		{9E0F3FFF-E5CE-4C4D-BFA8-8E32F5E9CBC1}.Debug|Any CPU.ActiveCfg = Debug|Any CPU
		{9E0F3FFF-E5CE-4C4D-BFA8-8E32F5E9CBC1}.Debug|Any CPU.Build.0 = Debug|Any CPU
		{9E0F3FFF-E5CE-4C4D-BFA8-8E32F5E9CBC1}.Release|Any CPU.ActiveCfg = Release|Any CPU
		{9E0F3FFF-E5CE-4C4D-BFA8-8E32F5E9CBC1}.Release|Any CPU.Build.0 = Release|Any CPU
	EndGlobalSection
	GlobalSection(SolutionProperties) = preSolution
		HideSolutionNode = FALSE
	EndGlobalSection
	GlobalSection(ExtensibilityGlobals) = postSolution
		SolutionGuid = {B708C8F9-B0FA-4853-8183-944A2CC03C3A}
	EndGlobalSection
EndGlobal
